
Microsoft Visual Studio Solution File, Format Version 12.00
# Visual Studio Version 17
VisualStudioVersion = 17.9.34728.123
MinimumVisualStudioVersion = 10.0.40219.1
Project("{9A19103F-16F7-4668-BE54-9A1E7A4F7556}") = "TurfBooking", "TurfBooking\TurfBooking.csproj", "{608F6D7B-D050-4E46-8B57-903CC1E89C40}"
EndProject
Project("{9A19103F-16F7-4668-BE54-9A1E7A4F7556}") = "TurfBooking.Domain", "TurfBooking.Domain\TurfBooking.Domain.csproj", "{B56C586D-C346-4486-8E35-EB09FDFD8272}"
EndProject
Project("{9A19103F-16F7-4668-BE54-9A1E7A4F7556}") = "TurfBooking.Infrastructure", "TurfBooking.Infrastructure\TurfBooking.Infrastructure.csproj", "{72677F9E-8637-40A2-B82A-E1FC8CC98CC4}"
EndProject
Project("{9A19103F-16F7-4668-BE54-9A1E7A4F7556}") = "TurfBooking.Application", "TurfBooking.Application\TurfBooking.Application.csproj", "{4E2E34B0-E87E-4130-A8FF-B7CAA7C21DA8}"
EndProject
Global
	GlobalSection(SolutionConfigurationPlatforms) = preSolution
		Debug|Any CPU = Debug|Any CPU
		Release|Any CPU = Release|Any CPU
	EndGlobalSection
	GlobalSection(ProjectConfigurationPlatforms) = postSolution
		{608F6D7B-D050-4E46-8B57-903CC1E89C40}.Debug|Any CPU.ActiveCfg = Debug|Any CPU
		{608F6D7B-D050-4E46-8B57-903CC1E89C40}.Debug|Any CPU.Build.0 = Debug|Any CPU
		{608F6D7B-D050-4E46-8B57-903CC1E89C40}.Release|Any CPU.ActiveCfg = Release|Any CPU
		{608F6D7B-D050-4E46-8B57-903CC1E89C40}.Release|Any CPU.Build.0 = Release|Any CPU
		{B56C586D-C346-4486-8E35-EB09FDFD8272}.Debug|Any CPU.ActiveCfg = Debug|Any CPU
		{B56C586D-C346-4486-8E35-EB09FDFD8272}.Debug|Any CPU.Build.0 = Debug|Any CPU
		{B56C586D-C346-4486-8E35-EB09FDFD8272}.Release|Any CPU.ActiveCfg = Release|Any CPU
		{B56C586D-C346-4486-8E35-EB09FDFD8272}.Release|Any CPU.Build.0 = Release|Any CPU
		{72677F9E-8637-40A2-B82A-E1FC8CC98CC4}.Debug|Any CPU.ActiveCfg = Debug|Any CPU
		{72677F9E-8637-40A2-B82A-E1FC8CC98CC4}.Debug|Any CPU.Build.0 = Debug|Any CPU
		{72677F9E-8637-40A2-B82A-E1FC8CC98CC4}.Release|Any CPU.ActiveCfg = Release|Any CPU
		{72677F9E-8637-40A2-B82A-E1FC8CC98CC4}.Release|Any CPU.Build.0 = Release|Any CPU
		{4E2E34B0-E87E-4130-A8FF-B7CAA7C21DA8}.Debug|Any CPU.ActiveCfg = Debug|Any CPU
		{4E2E34B0-E87E-4130-A8FF-B7CAA7C21DA8}.Debug|Any CPU.Build.0 = Debug|Any CPU
		{4E2E34B0-E87E-4130-A8FF-B7CAA7C21DA8}.Release|Any CPU.ActiveCfg = Release|Any CPU
		{4E2E34B0-E87E-4130-A8FF-B7CAA7C21DA8}.Release|Any CPU.Build.0 = Release|Any CPU
	EndGlobalSection
	GlobalSection(SolutionProperties) = preSolution
		HideSolutionNode = FALSE
	EndGlobalSection
	GlobalSection(ExtensibilityGlobals) = postSolution
		SolutionGuid = {106855DC-38CB-484D-A04B-DE303DB28B28}
	EndGlobalSection
EndGlobal
